# This file is automatically @generated by Cargo.
# It is not intended for manual editing.
version = 4

[[package]]
name = "autocfg"
version = "1.5.0"
source = "registry+https://github.com/rust-lang/crates.io-index"
checksum = "c08606f8c3cbf4ce6ec8e28fb0014a2c086708fe954eaa885384a6165172e7e8"

[[package]]
name = "dot-structures"
version = "0.1.2"
source = "registry+https://github.com/rust-lang/crates.io-index"
checksum = "498cfcded997a93eb31edd639361fa33fd229a8784e953b37d71035fe3890b7b"

[[package]]
name = "num-traits"
version = "0.2.19"
source = "registry+https://github.com/rust-lang/crates.io-index"
checksum = "071dfc062690e90b734c0b2273ce72ad0ffa95f0c74596bc250dcfd960262841"
dependencies = [
 "autocfg",
]

[[package]]
name = "open-hypergraphs"
version = "0.3.1"
source = "registry+https://github.com/rust-lang/crates.io-index"
checksum = "35368b8ccf2a61fdb493242cb5b0420d6c46f0e285d1f5ab14dbd2f94e7e4f6a"
dependencies = [
 "num-traits",
]

[[package]]
name = "open-hypergraphs-dot"
version = "0.2.4"
source = "registry+https://github.com/rust-lang/crates.io-index"
checksum = "cf800a0036834718dcd70c606745afdaa93e8fb80828806341bbf8454cc76c0f"
dependencies = [
 "dot-structures",
 "open-hypergraphs",
]

[[package]]
name = "stella-core"
version = "0.1.0"
dependencies = [
 "open-hypergraphs",
 "open-hypergraphs-dot",
]
